
Microsoft Visual Studio Solution File, Format Version 12.00
# Visual Studio 2012
Project("{FAE04EC0-301F-11D3-BF4B-00C04F79EFBC}") = "Hessian", "Hessian\Hessian.csproj", "{C857D3AD-FCFB-4A4D-A6F0-AD531A8168BA}"
EndProject
Project("{FAE04EC0-301F-11D3-BF4B-00C04F79EFBC}") = "Hessian.Tests", "Hessian.Tests\Hessian.Tests.csproj", "{64081F0C-7B83-4DC9-A408-19F8F8B38141}"
EndProject
Global
	GlobalSection(SolutionConfigurationPlatforms) = preSolution
		Debug|Any CPU = Debug|Any CPU
		Release|Any CPU = Release|Any CPU
	EndGlobalSection
	GlobalSection(ProjectConfigurationPlatforms) = postSolution
		{C857D3AD-FCFB-4A4D-A6F0-AD531A8168BA}.Debug|Any CPU.ActiveCfg = Debug|Any CPU
		{C857D3AD-FCFB-4A4D-A6F0-AD531A8168BA}.Debug|Any CPU.Build.0 = Debug|Any CPU
		{C857D3AD-FCFB-4A4D-A6F0-AD531A8168BA}.Release|Any CPU.ActiveCfg = Release|Any CPU
		{C857D3AD-FCFB-4A4D-A6F0-AD531A8168BA}.Release|Any CPU.Build.0 = Release|Any CPU
		{64081F0C-7B83-4DC9-A408-19F8F8B38141}.Debug|Any CPU.ActiveCfg = Debug|Any CPU
		{64081F0C-7B83-4DC9-A408-19F8F8B38141}.Debug|Any CPU.Build.0 = Debug|Any CPU
		{64081F0C-7B83-4DC9-A408-19F8F8B38141}.Release|Any CPU.ActiveCfg = Release|Any CPU
		{64081F0C-7B83-4DC9-A408-19F8F8B38141}.Release|Any CPU.Build.0 = Release|Any CPU
	EndGlobalSection
	GlobalSection(SolutionProperties) = preSolution
		HideSolutionNode = FALSE
	EndGlobalSection
EndGlobal
